// !$*UTF8*$!
{
	archiveVersion = 1;
	classes = {
	};
	objectVersion = 55;
	objects = {

/* Begin PBXBuildFile section */
		5F0ACC1A28152035009ADE87 /* TimeSelector.swift in Sources */ = {isa = PBXBuildFile; fileRef = 5F0ACC1928152035009ADE87 /* TimeSelector.swift */; };
		5F0ACC1C28152107009ADE87 /* TempratureAnd6Item.swift in Sources */ = {isa = PBXBuildFile; fileRef = 5F0ACC1B28152107009ADE87 /* TempratureAnd6Item.swift */; };
		5F0ACC1E2815221B009ADE87 /* HotWeatherNotice.swift in Sources */ = {isa = PBXBuildFile; fileRef = 5F0ACC1D2815221B009ADE87 /* HotWeatherNotice.swift */; };
		5F0ACC2028153AB0009ADE87 /* FiveDays.swift in Sources */ = {isa = PBXBuildFile; fileRef = 5F0ACC1F28153AB0009ADE87 /* FiveDays.swift */; };
		5F0ACC2228153B30009ADE87 /* FiveDaysWind.swift in Sources */ = {isa = PBXBuildFile; fileRef = 5F0ACC2128153B2F009ADE87 /* FiveDaysWind.swift */; };
		5F0ACC2528153D3E009ADE87 /* AirQuality.swift in Sources */ = {isa = PBXBuildFile; fileRef = 5F0ACC2428153D3E009ADE87 /* AirQuality.swift */; };
		5F56135628163D46009FC745 /* Home.swift in Sources */ = {isa = PBXBuildFile; fileRef = 5F56135528163D46009FC745 /* Home.swift */; };
		5F56135928168AB4009FC745 /* SeveralRows.swift in Sources */ = {isa = PBXBuildFile; fileRef = 5F56135828168AB4009FC745 /* SeveralRows.swift */; };
		5F56135B28168ACE009FC745 /* TopView.swift in Sources */ = {isa = PBXBuildFile; fileRef = 5F56135A28168ACE009FC745 /* TopView.swift */; };
		5F61A8672814FAA200BB7795 /* SwiftUICharts in Frameworks */ = {isa = PBXBuildFile; productRef = 5F61A8662814FAA200BB7795 /* SwiftUICharts */; };
		5F6D4D1A28178C31007952DB /* AQIChart.swift in Sources */ = {isa = PBXBuildFile; fileRef = 5F6D4D1928178C31007952DB /* AQIChart.swift */; };
		5F6D4D1C2817CEE9007952DB /* LineChart1.swift in Sources */ = {isa = PBXBuildFile; fileRef = 5F6D4D1B2817CEE9007952DB /* LineChart1.swift */; };
		5F6D4D1E2817D342007952DB /* FiftyDays.swift in Sources */ = {isa = PBXBuildFile; fileRef = 5F6D4D1D2817D342007952DB /* FiftyDays.swift */; };
		5F6D4D202817E5FC007952DB /* TravelInfo.swift in Sources */ = {isa = PBXBuildFile; fileRef = 5F6D4D1F2817E5FC007952DB /* TravelInfo.swift */; };
		5F6D4D222817ED5F007952DB /* InfoRow.swift in Sources */ = {isa = PBXBuildFile; fileRef = 5F6D4D212817ED5F007952DB /* InfoRow.swift */; };
		5FD4560A2812407300C54836 /* TwentyFourHourWeather.swift in Sources */ = {isa = PBXBuildFile; fileRef = 5FD456092812407300C54836 /* TwentyFourHourWeather.swift */; };
		5FD4560F28124E3A00C54836 /* LineChartDemoView.swift in Sources */ = {isa = PBXBuildFile; fileRef = 5FD4560E28124E3900C54836 /* LineChartDemoView.swift */; };
		5FD45611281270EF00C54836 /* TwentyFourHourCard.swift in Sources */ = {isa = PBXBuildFile; fileRef = 5FD45610281270EF00C54836 /* TwentyFourHourCard.swift */; };
		5FD456142812787600C54836 /* PageViewController.swift in Sources */ = {isa = PBXBuildFile; fileRef = 5FD456132812787600C54836 /* PageViewController.swift */; };
		5FD4561628127DA400C54836 /* FeatureCard.swift in Sources */ = {isa = PBXBuildFile; fileRef = 5FD4561528127DA400C54836 /* FeatureCard.swift */; };
		5FD4561828127F0500C54836 /* PageView.swift in Sources */ = {isa = PBXBuildFile; fileRef = 5FD4561728127F0500C54836 /* PageView.swift */; };
		5FD4561A2812847800C54836 /* PageControl.swift in Sources */ = {isa = PBXBuildFile; fileRef = 5FD456192812847800C54836 /* PageControl.swift */; };
		5FE0023F28113A150080F6F2 /* CloudSeaRow.swift in Sources */ = {isa = PBXBuildFile; fileRef = 5FE0023E28113A150080F6F2 /* CloudSeaRow.swift */; };
		5FE0024128113A780080F6F2 /* MorningRow3.swift in Sources */ = {isa = PBXBuildFile; fileRef = 5FE0024028113A780080F6F2 /* MorningRow3.swift */; };
		5FE00244281141A30080F6F2 /* LocationManager.swift in Sources */ = {isa = PBXBuildFile; fileRef = 5FE00243281141A30080F6F2 /* LocationManager.swift */; };
		5FF06BED280FA4BF0039C2A2 /* WeatherApp.swift in Sources */ = {isa = PBXBuildFile; fileRef = 5FF06BEC280FA4BF0039C2A2 /* WeatherApp.swift */; };
		5FF06BEF280FA4BF0039C2A2 /* DetailWeather.swift in Sources */ = {isa = PBXBuildFile; fileRef = 5FF06BEE280FA4BF0039C2A2 /* DetailWeather.swift */; };
		5FF06BF1280FA4C00039C2A2 /* Assets.xcassets in Resources */ = {isa = PBXBuildFile; fileRef = 5FF06BF0280FA4C00039C2A2 /* Assets.xcassets */; };
		5FF06BF4280FA4C00039C2A2 /* Preview Assets.xcassets in Resources */ = {isa = PBXBuildFile; fileRef = 5FF06BF3280FA4C00039C2A2 /* Preview Assets.xcassets */; };
		5FF06C00280FAAB30039C2A2 /* ServiceTab.swift in Sources */ = {isa = PBXBuildFile; fileRef = 5FF06BFF280FAAB30039C2A2 /* ServiceTab.swift */; };
		5FF06C03280FD2C40039C2A2 /* RoadInfoItem.swift in Sources */ = {isa = PBXBuildFile; fileRef = 5FF06C02280FD2C40039C2A2 /* RoadInfoItem.swift */; };
		5FF06C05280FD2E80039C2A2 /* CityNameRow.swift in Sources */ = {isa = PBXBuildFile; fileRef = 5FF06C04280FD2E80039C2A2 /* CityNameRow.swift */; };
		5FF06C07280FD3720039C2A2 /* RoadInfo.swift in Sources */ = {isa = PBXBuildFile; fileRef = 5FF06C06280FD3720039C2A2 /* RoadInfo.swift */; };
		5FF06C09280FD3C60039C2A2 /* FourtyDaysRow.swift in Sources */ = {isa = PBXBuildFile; fileRef = 5FF06C08280FD3C60039C2A2 /* FourtyDaysRow.swift */; };
		5FF06C0D280FDEF00039C2A2 /* WeatherViewsTab.swift in Sources */ = {isa = PBXBuildFile; fileRef = 5FF06C0C280FDEF00039C2A2 /* WeatherViewsTab.swift */; };
		5FF06C12280FE8250039C2A2 /* CityRow.swift in Sources */ = {isa = PBXBuildFile; fileRef = 5FF06C11280FE8250039C2A2 /* CityRow.swift */; };
		5FF06C14280FF8A40039C2A2 /* LifeAssistant.swift in Sources */ = {isa = PBXBuildFile; fileRef = 5FF06C13280FF8A40039C2A2 /* LifeAssistant.swift */; };
		5FF06C16280FFC320039C2A2 /* FitRow.swift in Sources */ = {isa = PBXBuildFile; fileRef = 5FF06C15280FFC320039C2A2 /* FitRow.swift */; };
		5FF06C18281004140039C2A2 /* ClothesAndLunarRow.swift in Sources */ = {isa = PBXBuildFile; fileRef = 5FF06C17281004140039C2A2 /* ClothesAndLunarRow.swift */; };
/* End PBXBuildFile section */

/* Begin PBXFileReference section */
		5F0ACC1928152035009ADE87 /* TimeSelector.swift */ = {isa = PBXFileReference; lastKnownFileType = sourcecode.swift; path = TimeSelector.swift; sourceTree = "<group>"; };
		5F0ACC1B28152107009ADE87 /* TempratureAnd6Item.swift */ = {isa = PBXFileReference; lastKnownFileType = sourcecode.swift; path = TempratureAnd6Item.swift; sourceTree = "<group>"; };
		5F0ACC1D2815221B009ADE87 /* HotWeatherNotice.swift */ = {isa = PBXFileReference; lastKnownFileType = sourcecode.swift; path = HotWeatherNotice.swift; sourceTree = "<group>"; };
		5F0ACC1F28153AB0009ADE87 /* FiveDays.swift */ = {isa = PBXFileReference; lastKnownFileType = sourcecode.swift; path = FiveDays.swift; sourceTree = "<group>"; };
		5F0ACC2128153B2F009ADE87 /* FiveDaysWind.swift */ = {isa = PBXFileReference; lastKnownFileType = sourcecode.swift; path = FiveDaysWind.swift; sourceTree = "<group>"; };
		5F0ACC2428153D3E009ADE87 /* AirQuality.swift */ = {isa = PBXFileReference; lastKnownFileType = sourcecode.swift; path = AirQuality.swift; sourceTree = "<group>"; };
		5F56135528163D46009FC745 /* Home.swift */ = {isa = PBXFileReference; lastKnownFileType = sourcecode.swift; path = Home.swift; sourceTree = "<group>"; };
		5F56135828168AB4009FC745 /* SeveralRows.swift */ = {isa = PBXFileReference; lastKnownFileType = sourcecode.swift; path = SeveralRows.swift; sourceTree = "<group>"; };
		5F56135A28168ACE009FC745 /* TopView.swift */ = {isa = PBXFileReference; lastKnownFileType = sourcecode.swift; path = TopView.swift; sourceTree = "<group>"; };
		5F6D4D1928178C31007952DB /* AQIChart.swift */ = {isa = PBXFileReference; lastKnownFileType = sourcecode.swift; path = AQIChart.swift; sourceTree = "<group>"; };
		5F6D4D1B2817CEE9007952DB /* LineChart1.swift */ = {isa = PBXFileReference; lastKnownFileType = sourcecode.swift; path = LineChart1.swift; sourceTree = "<group>"; };
		5F6D4D1D2817D342007952DB /* FiftyDays.swift */ = {isa = PBXFileReference; lastKnownFileType = sourcecode.swift; path = FiftyDays.swift; sourceTree = "<group>"; };
		5F6D4D1F2817E5FC007952DB /* TravelInfo.swift */ = {isa = PBXFileReference; lastKnownFileType = sourcecode.swift; path = TravelInfo.swift; sourceTree = "<group>"; };
		5F6D4D212817ED5F007952DB /* InfoRow.swift */ = {isa = PBXFileReference; lastKnownFileType = sourcecode.swift; path = InfoRow.swift; sourceTree = "<group>"; };
		5FD456092812407300C54836 /* TwentyFourHourWeather.swift */ = {isa = PBXFileReference; lastKnownFileType = sourcecode.swift; path = TwentyFourHourWeather.swift; sourceTree = "<group>"; };
		5FD4560E28124E3900C54836 /* LineChartDemoView.swift */ = {isa = PBXFileReference; lastKnownFileType = sourcecode.swift; path = LineChartDemoView.swift; sourceTree = "<group>"; };
		5FD45610281270EF00C54836 /* TwentyFourHourCard.swift */ = {isa = PBXFileReference; lastKnownFileType = sourcecode.swift; path = TwentyFourHourCard.swift; sourceTree = "<group>"; };
		5FD456132812787600C54836 /* PageViewController.swift */ = {isa = PBXFileReference; lastKnownFileType = sourcecode.swift; path = PageViewController.swift; sourceTree = "<group>"; };
		5FD4561528127DA400C54836 /* FeatureCard.swift */ = {isa = PBXFileReference; lastKnownFileType = sourcecode.swift; path = FeatureCard.swift; sourceTree = "<group>"; };
		5FD4561728127F0500C54836 /* PageView.swift */ = {isa = PBXFileReference; lastKnownFileType = sourcecode.swift; path = PageView.swift; sourceTree = "<group>"; };
		5FD456192812847800C54836 /* PageControl.swift */ = {isa = PBXFileReference; lastKnownFileType = sourcecode.swift; path = PageControl.swift; sourceTree = "<group>"; };
		5FE0023E28113A150080F6F2 /* CloudSeaRow.swift */ = {isa = PBXFileReference; lastKnownFileType = sourcecode.swift; path = CloudSeaRow.swift; sourceTree = "<group>"; };
		5FE0024028113A780080F6F2 /* MorningRow3.swift */ = {isa = PBXFileReference; lastKnownFileType = sourcecode.swift; path = MorningRow3.swift; sourceTree = "<group>"; };
		5FE00243281141A30080F6F2 /* LocationManager.swift */ = {isa = PBXFileReference; lastKnownFileType = sourcecode.swift; path = LocationManager.swift; sourceTree = "<group>"; };
		5FF06BE9280FA4BF0039C2A2 /* Weather.app */ = {isa = PBXFileReference; explicitFileType = wrapper.application; includeInIndex = 0; path = Weather.app; sourceTree = BUILT_PRODUCTS_DIR; };
		5FF06BEC280FA4BF0039C2A2 /* WeatherApp.swift */ = {isa = PBXFileReference; lastKnownFileType = sourcecode.swift; path = WeatherApp.swift; sourceTree = "<group>"; };
		5FF06BEE280FA4BF0039C2A2 /* DetailWeather.swift */ = {isa = PBXFileReference; lastKnownFileType = sourcecode.swift; path = DetailWeather.swift; sourceTree = "<group>"; };
		5FF06BF0280FA4C00039C2A2 /* Assets.xcassets */ = {isa = PBXFileReference; lastKnownFileType = folder.assetcatalog; path = Assets.xcassets; sourceTree = "<group>"; };
		5FF06BF3280FA4C00039C2A2 /* Preview Assets.xcassets */ = {isa = PBXFileReference; lastKnownFileType = folder.assetcatalog; path = "Preview Assets.xcassets"; sourceTree = "<group>"; };
		5FF06BFF280FAAB30039C2A2 /* ServiceTab.swift */ = {isa = PBXFileReference; lastKnownFileType = sourcecode.swift; path = ServiceTab.swift; sourceTree = "<group>"; };
		5FF06C02280FD2C40039C2A2 /* RoadInfoItem.swift */ = {isa = PBXFileReference; lastKnownFileType = sourcecode.swift; path = RoadInfoItem.swift; sourceTree = "<group>"; };
		5FF06C04280FD2E80039C2A2 /* CityNameRow.swift */ = {isa = PBXFileReference; lastKnownFileType = sourcecode.swift; path = CityNameRow.swift; sourceTree = "<group>"; };
		5FF06C06280FD3720039C2A2 /* RoadInfo.swift */ = {isa = PBXFileReference; lastKnownFileType = sourcecode.swift; path = RoadInfo.swift; sourceTree = "<group>"; };
		5FF06C08280FD3C60039C2A2 /* FourtyDaysRow.swift */ = {isa = PBXFileReference; lastKnownFileType = sourcecode.swift; path = FourtyDaysRow.swift; sourceTree = "<group>"; };
		5FF06C0C280FDEF00039C2A2 /* WeatherViewsTab.swift */ = {isa = PBXFileReference; lastKnownFileType = sourcecode.swift; path = WeatherViewsTab.swift; sourceTree = "<group>"; };
		5FF06C11280FE8250039C2A2 /* CityRow.swift */ = {isa = PBXFileReference; lastKnownFileType = sourcecode.swift; path = CityRow.swift; sourceTree = "<group>"; };
		5FF06C13280FF8A40039C2A2 /* LifeAssistant.swift */ = {isa = PBXFileReference; lastKnownFileType = sourcecode.swift; path = LifeAssistant.swift; sourceTree = "<group>"; };
		5FF06C15280FFC320039C2A2 /* FitRow.swift */ = {isa = PBXFileReference; lastKnownFileType = sourcecode.swift; path = FitRow.swift; sourceTree = "<group>"; };
		5FF06C17281004140039C2A2 /* ClothesAndLunarRow.swift */ = {isa = PBXFileReference; lastKnownFileType = sourcecode.swift; path = ClothesAndLunarRow.swift; sourceTree = "<group>"; };
/* End PBXFileReference section */

/* Begin PBXFrameworksBuildPhase section */
		5FF06BE6280FA4BF0039C2A2 /* Frameworks */ = {
			isa = PBXFrameworksBuildPhase;
			buildActionMask = 2147483647;
			files = (
				5F61A8672814FAA200BB7795 /* SwiftUICharts in Frameworks */,
			);
			runOnlyForDeploymentPostprocessing = 0;
		};
/* End PBXFrameworksBuildPhase section */

/* Begin PBXGroup section */
		5F0ACC1728151DDB009ADE87 /* DetailWeather */ = {
			isa = PBXGroup;
			children = (
				5F0ACC1828151EB6009ADE87 /* Views */,
				5FF06BEE280FA4BF0039C2A2 /* DetailWeather.swift */,
			);
			path = DetailWeather;
			sourceTree = "<group>";
		};
		5F0ACC1828151EB6009ADE87 /* Views */ = {
			isa = PBXGroup;
			children = (
				5FD4560E28124E3900C54836 /* LineChartDemoView.swift */,
				5F0ACC1928152035009ADE87 /* TimeSelector.swift */,
				5F0ACC1B28152107009ADE87 /* TempratureAnd6Item.swift */,
				5F0ACC1D2815221B009ADE87 /* HotWeatherNotice.swift */,
				5F6D4D1B2817CEE9007952DB /* LineChart1.swift */,
				5F6D4D1D2817D342007952DB /* FiftyDays.swift */,
			);
			path = Views;
			sourceTree = "<group>";
		};
		5F0ACC2328153D24009ADE87 /* AirQuality */ = {
			isa = PBXGroup;
			children = (
				5F0ACC2428153D3E009ADE87 /* AirQuality.swift */,
				5F6D4D1928178C31007952DB /* AQIChart.swift */,
			);
			path = AirQuality;
			sourceTree = "<group>";
		};
		5F56135428163D2D009FC745 /* HomePage */ = {
			isa = PBXGroup;
			children = (
				5F56135728168308009FC745 /* Views */,
				5F56135528163D46009FC745 /* Home.swift */,
			);
			path = HomePage;
			sourceTree = "<group>";
		};
		5F56135728168308009FC745 /* Views */ = {
			isa = PBXGroup;
			children = (
				5F56135828168AB4009FC745 /* SeveralRows.swift */,
				5F56135A28168ACE009FC745 /* TopView.swift */,
			);
			path = Views;
			sourceTree = "<group>";
		};
		5F56135C28169FE3009FC745 /* TravelInfo */ = {
			isa = PBXGroup;
			children = (
				5F6D4D1F2817E5FC007952DB /* TravelInfo.swift */,
				5F6D4D212817ED5F007952DB /* InfoRow.swift */,
			);
			path = TravelInfo;
			sourceTree = "<group>";
		};
		5FD456122812784E00C54836 /* PageView */ = {
			isa = PBXGroup;
			children = (
				5FD456132812787600C54836 /* PageViewController.swift */,
				5FD4561528127DA400C54836 /* FeatureCard.swift */,
				5FD4561728127F0500C54836 /* PageView.swift */,
				5FD456192812847800C54836 /* PageControl.swift */,
			);
			path = PageView;
			sourceTree = "<group>";
		};
		5FE0023D281139FA0080F6F2 /* Views */ = {
			isa = PBXGroup;
			children = (
				5FF06C11280FE8250039C2A2 /* CityRow.swift */,
				5FE0023E28113A150080F6F2 /* CloudSeaRow.swift */,
				5FE0024028113A780080F6F2 /* MorningRow3.swift */,
			);
			path = Views;
			sourceTree = "<group>";
		};
		5FE002422811418E0080F6F2 /* Manager */ = {
			isa = PBXGroup;
			children = (
				5FE00243281141A30080F6F2 /* LocationManager.swift */,
			);
			path = Manager;
			sourceTree = "<group>";
		};
		5FF06BE0280FA4BF0039C2A2 = {
			isa = PBXGroup;
			children = (
				5FF06BEB280FA4BF0039C2A2 /* Weather */,
				5FF06BEA280FA4BF0039C2A2 /* Products */,
			);
			sourceTree = "<group>";
		};
		5FF06BEA280FA4BF0039C2A2 /* Products */ = {
			isa = PBXGroup;
			children = (
				5FF06BE9280FA4BF0039C2A2 /* Weather.app */,
			);
			name = Products;
			sourceTree = "<group>";
		};
		5FF06BEB280FA4BF0039C2A2 /* Weather */ = {
			isa = PBXGroup;
			children = (
				5F56135C28169FE3009FC745 /* TravelInfo */,
				5F56135428163D2D009FC745 /* HomePage */,
				5F0ACC2328153D24009ADE87 /* AirQuality */,
				5F0ACC1728151DDB009ADE87 /* DetailWeather */,
				5FD456122812784E00C54836 /* PageView */,
				5FE002422811418E0080F6F2 /* Manager */,
				5FF06BFB280FA6760039C2A2 /* LifeServices */,
				5FF06BFA280FA65F0039C2A2 /* WeatherViews */,
				5FF06BEC280FA4BF0039C2A2 /* WeatherApp.swift */,
				5FF06BF0280FA4C00039C2A2 /* Assets.xcassets */,
				5FF06BF2280FA4C00039C2A2 /* Preview Content */,
			);
			path = Weather;
			sourceTree = "<group>";
		};
		5FF06BF2280FA4C00039C2A2 /* Preview Content */ = {
			isa = PBXGroup;
			children = (
				5FF06BF3280FA4C00039C2A2 /* Preview Assets.xcassets */,
			);
			path = "Preview Content";
			sourceTree = "<group>";
		};
		5FF06BFA280FA65F0039C2A2 /* WeatherViews */ = {
			isa = PBXGroup;
			children = (
				5FE0023D281139FA0080F6F2 /* Views */,
				5FF06C0C280FDEF00039C2A2 /* WeatherViewsTab.swift */,
			);
			path = WeatherViews;
			sourceTree = "<group>";
		};
		5FF06BFB280FA6760039C2A2 /* LifeServices */ = {
			isa = PBXGroup;
			children = (
				5FF06C01280FD2A60039C2A2 /* Views */,
				5FF06BFF280FAAB30039C2A2 /* ServiceTab.swift */,
			);
			path = LifeServices;
			sourceTree = "<group>";
		};
		5FF06C01280FD2A60039C2A2 /* Views */ = {
			isa = PBXGroup;
			children = (
				5FF06C02280FD2C40039C2A2 /* RoadInfoItem.swift */,
				5FF06C04280FD2E80039C2A2 /* CityNameRow.swift */,
				5FF06C06280FD3720039C2A2 /* RoadInfo.swift */,
				5FF06C08280FD3C60039C2A2 /* FourtyDaysRow.swift */,
				5FF06C13280FF8A40039C2A2 /* LifeAssistant.swift */,
				5FF06C15280FFC320039C2A2 /* FitRow.swift */,
				5FF06C17281004140039C2A2 /* ClothesAndLunarRow.swift */,
				5FD456092812407300C54836 /* TwentyFourHourWeather.swift */,
				5FD45610281270EF00C54836 /* TwentyFourHourCard.swift */,
				5F0ACC1F28153AB0009ADE87 /* FiveDays.swift */,
				5F0ACC2128153B2F009ADE87 /* FiveDaysWind.swift */,
			);
			path = Views;
			sourceTree = "<group>";
		};
/* End PBXGroup section */

/* Begin PBXNativeTarget section */
		5FF06BE8280FA4BF0039C2A2 /* Weather */ = {
			isa = PBXNativeTarget;
			buildConfigurationList = 5FF06BF7280FA4C00039C2A2 /* Build configuration list for PBXNativeTarget "Weather" */;
			buildPhases = (
				5FF06BE5280FA4BF0039C2A2 /* Sources */,
				5FF06BE6280FA4BF0039C2A2 /* Frameworks */,
				5FF06BE7280FA4BF0039C2A2 /* Resources */,
			);
			buildRules = (
			);
			dependencies = (
			);
			name = Weather;
			packageProductDependencies = (
				5F61A8662814FAA200BB7795 /* SwiftUICharts */,
			);
			productName = Weather;
			productReference = 5FF06BE9280FA4BF0039C2A2 /* Weather.app */;
			productType = "com.apple.product-type.application";
		};
/* End PBXNativeTarget section */

/* Begin PBXProject section */
		5FF06BE1280FA4BF0039C2A2 /* Project object */ = {
			isa = PBXProject;
			attributes = {
				BuildIndependentTargetsInParallel = 1;
				LastSwiftUpdateCheck = 1330;
				LastUpgradeCheck = 1330;
				TargetAttributes = {
					5FF06BE8280FA4BF0039C2A2 = {
						CreatedOnToolsVersion = 13.3.1;
					};
				};
			};
			buildConfigurationList = 5FF06BE4280FA4BF0039C2A2 /* Build configuration list for PBXProject "Weather" */;
			compatibilityVersion = "Xcode 13.0";
			developmentRegion = en;
			hasScannedForEncodings = 0;
			knownRegions = (
				en,
				Base,
			);
			mainGroup = 5FF06BE0280FA4BF0039C2A2;
			packageReferences = (
				5FE0023A281133870080F6F2 /* XCRemoteSwiftPackageReference "AutoCarouselView" */,
				5F61A8652814FAA200BB7795 /* XCRemoteSwiftPackageReference "SwiftUICharts" */,
			);
			productRefGroup = 5FF06BEA280FA4BF0039C2A2 /* Products */;
			projectDirPath = "";
			projectRoot = "";
			targets = (
				5FF06BE8280FA4BF0039C2A2 /* Weather */,
			);
		};
/* End PBXProject section */

/* Begin PBXResourcesBuildPhase section */
		5FF06BE7280FA4BF0039C2A2 /* Resources */ = {
			isa = PBXResourcesBuildPhase;
			buildActionMask = 2147483647;
			files = (
				5FF06BF4280FA4C00039C2A2 /* Preview Assets.xcassets in Resources */,
				5FF06BF1280FA4C00039C2A2 /* Assets.xcassets in Resources */,
			);
			runOnlyForDeploymentPostprocessing = 0;
		};
/* End PBXResourcesBuildPhase section */

/* Begin PBXSourcesBuildPhase section */
		5FF06BE5280FA4BF0039C2A2 /* Sources */ = {
			isa = PBXSourcesBuildPhase;
			buildActionMask = 2147483647;
			files = (
				5FD4560A2812407300C54836 /* TwentyFourHourWeather.swift in Sources */,
				5FF06C0D280FDEF00039C2A2 /* WeatherViewsTab.swift in Sources */,
				5FF06BEF280FA4BF0039C2A2 /* DetailWeather.swift in Sources */,
				5FE0023F28113A150080F6F2 /* CloudSeaRow.swift in Sources */,
				5FF06C16280FFC320039C2A2 /* FitRow.swift in Sources */,
				5FE00244281141A30080F6F2 /* LocationManager.swift in Sources */,
				5FF06C07280FD3720039C2A2 /* RoadInfo.swift in Sources */,
				5FF06C09280FD3C60039C2A2 /* FourtyDaysRow.swift in Sources */,
				5F6D4D222817ED5F007952DB /* InfoRow.swift in Sources */,
				5FD4561A2812847800C54836 /* PageControl.swift in Sources */,
				5FD45611281270EF00C54836 /* TwentyFourHourCard.swift in Sources */,
				5F0ACC1C28152107009ADE87 /* TempratureAnd6Item.swift in Sources */,
				5F6D4D1C2817CEE9007952DB /* LineChart1.swift in Sources */,
				5FF06C12280FE8250039C2A2 /* CityRow.swift in Sources */,
				5FD456142812787600C54836 /* PageViewController.swift in Sources */,
				5F0ACC2528153D3E009ADE87 /* AirQuality.swift in Sources */,
				5F56135928168AB4009FC745 /* SeveralRows.swift in Sources */,
				5F0ACC1A28152035009ADE87 /* TimeSelector.swift in Sources */,
				5FF06C05280FD2E80039C2A2 /* CityNameRow.swift in Sources */,
				5FF06BED280FA4BF0039C2A2 /* WeatherApp.swift in Sources */,
				5FF06C00280FAAB30039C2A2 /* ServiceTab.swift in Sources */,
				5F0ACC2228153B30009ADE87 /* FiveDaysWind.swift in Sources */,
				5FE0024128113A780080F6F2 /* MorningRow3.swift in Sources */,
				5F56135B28168ACE009FC745 /* TopView.swift in Sources */,
				5F6D4D1E2817D342007952DB /* FiftyDays.swift in Sources */,
				5F6D4D1A28178C31007952DB /* AQIChart.swift in Sources */,
				5F6D4D202817E5FC007952DB /* TravelInfo.swift in Sources */,
				5FD4561628127DA400C54836 /* FeatureCard.swift in Sources */,
				5F56135628163D46009FC745 /* Home.swift in Sources */,
				5F0ACC1E2815221B009ADE87 /* HotWeatherNotice.swift in Sources */,
				5FD4560F28124E3A00C54836 /* LineChartDemoView.swift in Sources */,
				5FF06C03280FD2C40039C2A2 /* RoadInfoItem.swift in Sources */,
				5F0ACC2028153AB0009ADE87 /* FiveDays.swift in Sources */,
				5FD4561828127F0500C54836 /* PageView.swift in Sources */,
				5FF06C14280FF8A40039C2A2 /* LifeAssistant.swift in Sources */,
				5FF06C18281004140039C2A2 /* ClothesAndLunarRow.swift in Sources */,
			);
			runOnlyForDeploymentPostprocessing = 0;
		};
/* End PBXSourcesBuildPhase section */

/* Begin XCBuildConfiguration section */
		5FF06BF5280FA4C00039C2A2 /* Debug */ = {
			isa = XCBuildConfiguration;
			buildSettings = {
				ALWAYS_SEARCH_USER_PATHS = NO;
				CLANG_ANALYZER_NONNULL = YES;
				CLANG_ANALYZER_NUMBER_OBJECT_CONVERSION = YES_AGGRESSIVE;
				CLANG_CXX_LANGUAGE_STANDARD = "gnu++17";
				CLANG_ENABLE_MODULES = YES;
				CLANG_ENABLE_OBJC_ARC = YES;
				CLANG_ENABLE_OBJC_WEAK = YES;
				CLANG_WARN_BLOCK_CAPTURE_AUTORELEASING = YES;
				CLANG_WARN_BOOL_CONVERSION = YES;
				CLANG_WARN_COMMA = YES;
				CLANG_WARN_CONSTANT_CONVERSION = YES;
				CLANG_WARN_DEPRECATED_OBJC_IMPLEMENTATIONS = YES;
				CLANG_WARN_DIRECT_OBJC_ISA_USAGE = YES_ERROR;
				CLANG_WARN_DOCUMENTATION_COMMENTS = YES;
				CLANG_WARN_EMPTY_BODY = YES;
				CLANG_WARN_ENUM_CONVERSION = YES;
				CLANG_WARN_INFINITE_RECURSION = YES;
				CLANG_WARN_INT_CONVERSION = YES;
				CLANG_WARN_NON_LITERAL_NULL_CONVERSION = YES;
				CLANG_WARN_OBJC_IMPLICIT_RETAIN_SELF = YES;
				CLANG_WARN_OBJC_LITERAL_CONVERSION = YES;
				CLANG_WARN_OBJC_ROOT_CLASS = YES_ERROR;
				CLANG_WARN_QUOTED_INCLUDE_IN_FRAMEWORK_HEADER = YES;
				CLANG_WARN_RANGE_LOOP_ANALYSIS = YES;
				CLANG_WARN_STRICT_PROTOTYPES = YES;
				CLANG_WARN_SUSPICIOUS_MOVE = YES;
				CLANG_WARN_UNGUARDED_AVAILABILITY = YES_AGGRESSIVE;
				CLANG_WARN_UNREACHABLE_CODE = YES;
				CLANG_WARN__DUPLICATE_METHOD_MATCH = YES;
				COPY_PHASE_STRIP = NO;
				DEBUG_INFORMATION_FORMAT = dwarf;
				ENABLE_STRICT_OBJC_MSGSEND = YES;
				ENABLE_TESTABILITY = YES;
				GCC_C_LANGUAGE_STANDARD = gnu11;
				GCC_DYNAMIC_NO_PIC = NO;
				GCC_NO_COMMON_BLOCKS = YES;
				GCC_OPTIMIZATION_LEVEL = 0;
				GCC_PREPROCESSOR_DEFINITIONS = (
					"DEBUG=1",
					"$(inherited)",
				);
				GCC_WARN_64_TO_32_BIT_CONVERSION = YES;
				GCC_WARN_ABOUT_RETURN_TYPE = YES_ERROR;
				GCC_WARN_UNDECLARED_SELECTOR = YES;
				GCC_WARN_UNINITIALIZED_AUTOS = YES_AGGRESSIVE;
				GCC_WARN_UNUSED_FUNCTION = YES;
				GCC_WARN_UNUSED_VARIABLE = YES;
				IPHONEOS_DEPLOYMENT_TARGET = 15.4;
				MTL_ENABLE_DEBUG_INFO = INCLUDE_SOURCE;
				MTL_FAST_MATH = YES;
				ONLY_ACTIVE_ARCH = YES;
				SDKROOT = iphoneos;
				SWIFT_ACTIVE_COMPILATION_CONDITIONS = DEBUG;
				SWIFT_OPTIMIZATION_LEVEL = "-Onone";
			};
			name = Debug;
		};
		5FF06BF6280FA4C00039C2A2 /* Release */ = {
			isa = XCBuildConfiguration;
			buildSettings = {
				ALWAYS_SEARCH_USER_PATHS = NO;
				CLANG_ANALYZER_NONNULL = YES;
				CLANG_ANALYZER_NUMBER_OBJECT_CONVERSION = YES_AGGRESSIVE;
				CLANG_CXX_LANGUAGE_STANDARD = "gnu++17";
				CLANG_ENABLE_MODULES = YES;
				CLANG_ENABLE_OBJC_ARC = YES;
				CLANG_ENABLE_OBJC_WEAK = YES;
				CLANG_WARN_BLOCK_CAPTURE_AUTORELEASING = YES;
				CLANG_WARN_BOOL_CONVERSION = YES;
				CLANG_WARN_COMMA = YES;
				CLANG_WARN_CONSTANT_CONVERSION = YES;
				CLANG_WARN_DEPRECATED_OBJC_IMPLEMENTATIONS = YES;
				CLANG_WARN_DIRECT_OBJC_ISA_USAGE = YES_ERROR;
				CLANG_WARN_DOCUMENTATION_COMMENTS = YES;
				CLANG_WARN_EMPTY_BODY = YES;
				CLANG_WARN_ENUM_CONVERSION = YES;
				CLANG_WARN_INFINITE_RECURSION = YES;
				CLANG_WARN_INT_CONVERSION = YES;
				CLANG_WARN_NON_LITERAL_NULL_CONVERSION = YES;
				CLANG_WARN_OBJC_IMPLICIT_RETAIN_SELF = YES;
				CLANG_WARN_OBJC_LITERAL_CONVERSION = YES;
				CLANG_WARN_OBJC_ROOT_CLASS = YES_ERROR;
				CLANG_WARN_QUOTED_INCLUDE_IN_FRAMEWORK_HEADER = YES;
				CLANG_WARN_RANGE_LOOP_ANALYSIS = YES;
				CLANG_WARN_STRICT_PROTOTYPES = YES;
				CLANG_WARN_SUSPICIOUS_MOVE = YES;
				CLANG_WARN_UNGUARDED_AVAILABILITY = YES_AGGRESSIVE;
				CLANG_WARN_UNREACHABLE_CODE = YES;
				CLANG_WARN__DUPLICATE_METHOD_MATCH = YES;
				COPY_PHASE_STRIP = NO;
				DEBUG_INFORMATION_FORMAT = "dwarf-with-dsym";
				ENABLE_NS_ASSERTIONS = NO;
				ENABLE_STRICT_OBJC_MSGSEND = YES;
				GCC_C_LANGUAGE_STANDARD = gnu11;
				GCC_NO_COMMON_BLOCKS = YES;
				GCC_WARN_64_TO_32_BIT_CONVERSION = YES;
				GCC_WARN_ABOUT_RETURN_TYPE = YES_ERROR;
				GCC_WARN_UNDECLARED_SELECTOR = YES;
				GCC_WARN_UNINITIALIZED_AUTOS = YES_AGGRESSIVE;
				GCC_WARN_UNUSED_FUNCTION = YES;
				GCC_WARN_UNUSED_VARIABLE = YES;
				IPHONEOS_DEPLOYMENT_TARGET = 15.4;
				MTL_ENABLE_DEBUG_INFO = NO;
				MTL_FAST_MATH = YES;
				SDKROOT = iphoneos;
				SWIFT_COMPILATION_MODE = wholemodule;
				SWIFT_OPTIMIZATION_LEVEL = "-O";
				VALIDATE_PRODUCT = YES;
			};
			name = Release;
		};
		5FF06BF8280FA4C00039C2A2 /* Debug */ = {
			isa = XCBuildConfiguration;
			buildSettings = {
				ASSETCATALOG_COMPILER_APPICON_NAME = AppIcon;
				ASSETCATALOG_COMPILER_GLOBAL_ACCENT_COLOR_NAME = AccentColor;
				CODE_SIGN_STYLE = Automatic;
				CURRENT_PROJECT_VERSION = 1;
				DEVELOPMENT_ASSET_PATHS = "\"Weather/Preview Content\"";
				DEVELOPMENT_TEAM = 5TZKPJR5ZR;
				ENABLE_PREVIEWS = YES;
				GENERATE_INFOPLIST_FILE = YES;
				INFOPLIST_KEY_NSLocationWhenInUseUsageDescription = "通过位置提供实时天气信息";
				INFOPLIST_KEY_UIApplicationSceneManifest_Generation = YES;
				INFOPLIST_KEY_UIApplicationSupportsIndirectInputEvents = YES;
				INFOPLIST_KEY_UILaunchScreen_Generation = YES;
				INFOPLIST_KEY_UISupportedInterfaceOrientations_iPad = "UIInterfaceOrientationPortrait UIInterfaceOrientationPortraitUpsideDown UIInterfaceOrientationLandscapeLeft UIInterfaceOrientationLandscapeRight";
				INFOPLIST_KEY_UISupportedInterfaceOrientations_iPhone = "UIInterfaceOrientationPortrait UIInterfaceOrientationLandscapeLeft UIInterfaceOrientationLandscapeRight";
				LD_RUNPATH_SEARCH_PATHS = (
					"$(inherited)",
					"@executable_path/Frameworks",
				);
				MARKETING_VERSION = 1.0;
				PRODUCT_BUNDLE_IDENTIFIER = cn.leng.Weather;
				PRODUCT_NAME = "$(TARGET_NAME)";
				SWIFT_EMIT_LOC_STRINGS = YES;
				SWIFT_VERSION = 5.0;
				TARGETED_DEVICE_FAMILY = "1,2";
			};
			name = Debug;
		};
		5FF06BF9280FA4C00039C2A2 /* Release */ = {
			isa = XCBuildConfiguration;
			buildSettings = {
				ASSETCATALOG_COMPILER_APPICON_NAME = AppIcon;
				ASSETCATALOG_COMPILER_GLOBAL_ACCENT_COLOR_NAME = AccentColor;
				CODE_SIGN_STYLE = Automatic;
				CURRENT_PROJECT_VERSION = 1;
				DEVELOPMENT_ASSET_PATHS = "\"Weather/Preview Content\"";
				DEVELOPMENT_TEAM = 5TZKPJR5ZR;
				ENABLE_PREVIEWS = YES;
				GENERATE_INFOPLIST_FILE = YES;
				INFOPLIST_KEY_NSLocationWhenInUseUsageDescription = "通过位置提供实时天气信息";
				INFOPLIST_KEY_UIApplicationSceneManifest_Generation = YES;
				INFOPLIST_KEY_UIApplicationSupportsIndirectInputEvents = YES;
				INFOPLIST_KEY_UILaunchScreen_Generation = YES;
				INFOPLIST_KEY_UISupportedInterfaceOrientations_iPad = "UIInterfaceOrientationPortrait UIInterfaceOrientationPortraitUpsideDown UIInterfaceOrientationLandscapeLeft UIInterfaceOrientationLandscapeRight";
				INFOPLIST_KEY_UISupportedInterfaceOrientations_iPhone = "UIInterfaceOrientationPortrait UIInterfaceOrientationLandscapeLeft UIInterfaceOrientationLandscapeRight";
				LD_RUNPATH_SEARCH_PATHS = (
					"$(inherited)",
					"@executable_path/Frameworks",
				);
				MARKETING_VERSION = 1.0;
				PRODUCT_BUNDLE_IDENTIFIER = cn.leng.Weather;
				PRODUCT_NAME = "$(TARGET_NAME)";
				SWIFT_EMIT_LOC_STRINGS = YES;
				SWIFT_VERSION = 5.0;
				TARGETED_DEVICE_FAMILY = "1,2";
			};
			name = Release;
		};
/* End XCBuildConfiguration section */

/* Begin XCConfigurationList section */
		5FF06BE4280FA4BF0039C2A2 /* Build configuration list for PBXProject "Weather" */ = {
			isa = XCConfigurationList;
			buildConfigurations = (
				5FF06BF5280FA4C00039C2A2 /* Debug */,
				5FF06BF6280FA4C00039C2A2 /* Release */,
			);
			defaultConfigurationIsVisible = 0;
			defaultConfigurationName = Release;
		};
		5FF06BF7280FA4C00039C2A2 /* Build configuration list for PBXNativeTarget "Weather" */ = {
			isa = XCConfigurationList;
			buildConfigurations = (
				5FF06BF8280FA4C00039C2A2 /* Debug */,
				5FF06BF9280FA4C00039C2A2 /* Release */,
			);
			defaultConfigurationIsVisible = 0;
			defaultConfigurationName = Release;
		};
/* End XCConfigurationList section */

/* Begin XCRemoteSwiftPackageReference section */
		5F61A8652814FAA200BB7795 /* XCRemoteSwiftPackageReference "SwiftUICharts" */ = {
			isa = XCRemoteSwiftPackageReference;
			repositoryURL = "https://gitee.com/leng_ruipeng/SwiftUICharts.git";
			requirement = {
				kind = upToNextMajorVersion;
				minimumVersion = 2.0.0;
			};
		};
		5FE0023A281133870080F6F2 /* XCRemoteSwiftPackageReference "AutoCarouselView" */ = {
			isa = XCRemoteSwiftPackageReference;
			repositoryURL = "https://gitee.com/leng_ruipeng/AutoCarouselView.git";
			requirement = {
				kind = upToNextMajorVersion;
				minimumVersion = 1.0.0;
			};
		};
/* End XCRemoteSwiftPackageReference section */

/* Begin XCSwiftPackageProductDependency section */
		5F61A8662814FAA200BB7795 /* SwiftUICharts */ = {
			isa = XCSwiftPackageProductDependency;
			package = 5F61A8652814FAA200BB7795 /* XCRemoteSwiftPackageReference "SwiftUICharts" */;
			productName = SwiftUICharts;
		};
/* End XCSwiftPackageProductDependency section */
	};
	rootObject = 5FF06BE1280FA4BF0039C2A2 /* Project object */;
}
